
Microsoft Visual Studio Solution File, Format Version 12.00
# Visual Studio Version 16
VisualStudioVersion = 16.0.31515.178
MinimumVisualStudioVersion = 10.0.40219.1
Project("{9A19103F-16F7-4668-BE54-9A1E7A4F7556}") = "FoodOrders.App", "FoodOrders.App\FoodOrders.App.csproj", "{6BCB79F4-DDF0-4E17-BA08-94C78D301178}"
EndProject
Project("{9A19103F-16F7-4668-BE54-9A1E7A4F7556}") = "FoodOrders.DataGenerator", "FoodOrders.DataGenerator\FoodOrders.DataGenerator.csproj", "{3FB5D999-F976-467A-87D9-556F17CDD735}"
EndProject
Project("{9A19103F-16F7-4668-BE54-9A1E7A4F7556}") = "FoodOrders.Model.Data", "FoodOrders.Model.Data\FoodOrders.Model.Data.csproj", "{0C7AFC5B-0EE0-4ED2-AC17-331A0CDC6C1B}"
EndProject
Global
	GlobalSection(SolutionConfigurationPlatforms) = preSolution
		Debug|Any CPU = Debug|Any CPU
		Release|Any CPU = Release|Any CPU
	EndGlobalSection
	GlobalSection(ProjectConfigurationPlatforms) = postSolution
		{6BCB79F4-DDF0-4E17-BA08-94C78D301178}.Debug|Any CPU.ActiveCfg = Debug|Any CPU
		{6BCB79F4-DDF0-4E17-BA08-94C78D301178}.Debug|Any CPU.Build.0 = Debug|Any CPU
		{6BCB79F4-DDF0-4E17-BA08-94C78D301178}.Release|Any CPU.ActiveCfg = Release|Any CPU
		{6BCB79F4-DDF0-4E17-BA08-94C78D301178}.Release|Any CPU.Build.0 = Release|Any CPU
		{3FB5D999-F976-467A-87D9-556F17CDD735}.Debug|Any CPU.ActiveCfg = Debug|Any CPU
		{3FB5D999-F976-467A-87D9-556F17CDD735}.Debug|Any CPU.Build.0 = Debug|Any CPU
		{3FB5D999-F976-467A-87D9-556F17CDD735}.Release|Any CPU.ActiveCfg = Release|Any CPU
		{3FB5D999-F976-467A-87D9-556F17CDD735}.Release|Any CPU.Build.0 = Release|Any CPU
		{0C7AFC5B-0EE0-4ED2-AC17-331A0CDC6C1B}.Debug|Any CPU.ActiveCfg = Debug|Any CPU
		{0C7AFC5B-0EE0-4ED2-AC17-331A0CDC6C1B}.Debug|Any CPU.Build.0 = Debug|Any CPU
		{0C7AFC5B-0EE0-4ED2-AC17-331A0CDC6C1B}.Release|Any CPU.ActiveCfg = Release|Any CPU
		{0C7AFC5B-0EE0-4ED2-AC17-331A0CDC6C1B}.Release|Any CPU.Build.0 = Release|Any CPU
	EndGlobalSection
	GlobalSection(SolutionProperties) = preSolution
		HideSolutionNode = FALSE
	EndGlobalSection
	GlobalSection(ExtensibilityGlobals) = postSolution
		SolutionGuid = {3BFD65D7-7CFE-4130-A79F-DCF2889A998E}
	EndGlobalSection
EndGlobal
